# This file is autogenerated, do not edit; changes may be undone by the next 'dep ensure'.


[[projects]]
  branch = "master"
  name = "github.com/tamalsaha/go-a"
  packages = ["lib"]
  revision = "2ef87e56e58f249cc68c7d4ae3d19ee9f6f957db"
  source = "github.com/tamalsaha/go-c"

[solve-meta]
  analyzer-name = "dep"
  analyzer-version = 1
  inputs-digest = "86c824d3242c4bc7c7dacc4123a088634553574799efddc19e0ede3d652d06cf"
  solver-name = "gps-cdcl"
  solver-version = 1
